
Microsoft Visual Studio Solution File, Format Version 12.00
# Visual Studio 15
VisualStudioVersion = 15.0.27130.2026
MinimumVisualStudioVersion = 10.0.40219.1
Project("{FAE04EC0-301F-11D3-BF4B-00C04F79EFBC}") = "FlysEngine", "FlysEngine\FlysEngine.csproj", "{51A2FBB9-1E92-4EEA-95E2-B92E7873296F}"
EndProject
Project("{FAE04EC0-301F-11D3-BF4B-00C04F79EFBC}") = "FlysTest", "FlysTest\FlysTest.csproj", "{3B3EB66C-9CDD-4227-8066-712C7BCFCE2D}"
EndProject
Global
	GlobalSection(SolutionConfigurationPlatforms) = preSolution
		Debug|Any CPU = Debug|Any CPU
		Release|Any CPU = Release|Any CPU
	EndGlobalSection
	GlobalSection(ProjectConfigurationPlatforms) = postSolution
		{51A2FBB9-1E92-4EEA-95E2-B92E7873296F}.Debug|Any CPU.ActiveCfg = Debug|Any CPU
		{51A2FBB9-1E92-4EEA-95E2-B92E7873296F}.Debug|Any CPU.Build.0 = Debug|Any CPU
		{51A2FBB9-1E92-4EEA-95E2-B92E7873296F}.Release|Any CPU.ActiveCfg = Release|Any CPU
		{51A2FBB9-1E92-4EEA-95E2-B92E7873296F}.Release|Any CPU.Build.0 = Release|Any CPU
		{3B3EB66C-9CDD-4227-8066-712C7BCFCE2D}.Debug|Any CPU.ActiveCfg = Debug|Any CPU
		{3B3EB66C-9CDD-4227-8066-712C7BCFCE2D}.Debug|Any CPU.Build.0 = Debug|Any CPU
		{3B3EB66C-9CDD-4227-8066-712C7BCFCE2D}.Release|Any CPU.ActiveCfg = Release|Any CPU
		{3B3EB66C-9CDD-4227-8066-712C7BCFCE2D}.Release|Any CPU.Build.0 = Release|Any CPU
	EndGlobalSection
	GlobalSection(SolutionProperties) = preSolution
		HideSolutionNode = FALSE
	EndGlobalSection
	GlobalSection(ExtensibilityGlobals) = postSolution
		SolutionGuid = {C496A256-B9F1-4B5D-B6EB-D121E87C9849}
	EndGlobalSection
EndGlobal
